// !$*UTF8*$!
{
	archiveVersion = 1;
	classes = {
	};
	objectVersion = 46;
	objects = {

/* Begin PBXBuildFile section */
		1D3623260D0F684500981E51 /* ExerciseAppDelegate.m in Sources */ = {isa = PBXBuildFile; fileRef = 1D3623250D0F684500981E51 /* ExerciseAppDelegate.m */; };
		1D60589B0D05DD56006BFB54 /* main.m in Sources */ = {isa = PBXBuildFile; fileRef = 29B97316FDCFA39411CA2CEA /* main.m */; };
		1D60589F0D05DD5A006BFB54 /* Foundation.framework in Frameworks */ = {isa = PBXBuildFile; fileRef = 1D30AB110D05D00D00671497 /* Foundation.framework */; };
		1DF5F4E00D08C38300B7A737 /* UIKit.framework in Frameworks */ = {isa = PBXBuildFile; fileRef = 1DF5F4DF0D08C38300B7A737 /* UIKit.framework */; };
		2892E4100DC94CBA00A64D0F /* CoreGraphics.framework in Frameworks */ = {isa = PBXBuildFile; fileRef = 2892E40F0DC94CBA00A64D0F /* CoreGraphics.framework */; };
		28AD73600D9D9599002E5188 /* MainWindow.xib in Resources */ = {isa = PBXBuildFile; fileRef = 28AD735F0D9D9599002E5188 /* MainWindow.xib */; };
		28C286E10D94DF7D0034E888 /* RootViewController.m in Sources */ = {isa = PBXBuildFile; fileRef = 28C286E00D94DF7D0034E888 /* RootViewController.m */; };
		28F335F11007B36200424DE2 /* RootViewController.xib in Resources */ = {isa = PBXBuildFile; fileRef = 28F335F01007B36200424DE2 /* RootViewController.xib */; };
		6F3F89E915BDEAA8003EEED1 /* ViewController.m in Sources */ = {isa = PBXBuildFile; fileRef = 6F3F89E715BDEAA8003EEED1 /* ViewController.m */; };
		6F3F89EA15BDEAA8003EEED1 /* ViewController.xib in Resources */ = {isa = PBXBuildFile; fileRef = 6F3F89E815BDEAA8003EEED1 /* ViewController.xib */; };
		6F3F89F615BF1899003EEED1 /* TodoCell.m in Sources */ = {isa = PBXBuildFile; fileRef = 6F3F89F515BF1899003EEED1 /* TodoCell.m */; };
		6F3F89F915BF1E22003EEED1 /* Todo.m in Sources */ = {isa = PBXBuildFile; fileRef = 6F3F89F815BF1E22003EEED1 /* Todo.m */; };
		6F3F89FD15BF247A003EEED1 /* WQViewController.m in Sources */ = {isa = PBXBuildFile; fileRef = 6F3F89FB15BF2479003EEED1 /* WQViewController.m */; };
		6F3F89FE15BF247A003EEED1 /* WQViewController.xib in Resources */ = {isa = PBXBuildFile; fileRef = 6F3F89FC15BF2479003EEED1 /* WQViewController.xib */; };
		6F3F8A0615BF2624003EEED1 /* TodoViewController.m in Sources */ = {isa = PBXBuildFile; fileRef = 6F3F8A0415BF2623003EEED1 /* TodoViewController.m */; };
		6F3F8A0715BF2624003EEED1 /* TodoViewController.xib in Resources */ = {isa = PBXBuildFile; fileRef = 6F3F8A0515BF2624003EEED1 /* TodoViewController.xib */; };
		946F6D0A15B62EA000BAAC83 /* Exercise.m in Sources */ = {isa = PBXBuildFile; fileRef = 946F6D0915B62EA000BAAC83 /* Exercise.m */; };
		94D00C7615B7454600084BA7 /* ExerciseViewController.xib in Resources */ = {isa = PBXBuildFile; fileRef = 94D00C7515B7454600084BA7 /* ExerciseViewController.xib */; };
		94D00C7E15B7459400084BA7 /* ExerciseViewControllerX.m in Sources */ = {isa = PBXBuildFile; fileRef = 94D00C7C15B7459400084BA7 /* ExerciseViewControllerX.m */; };
		94D00C7F15B7459400084BA7 /* ExerciseViewControllerX.xib in Resources */ = {isa = PBXBuildFile; fileRef = 94D00C7D15B7459400084BA7 /* ExerciseViewControllerX.xib */; };
		94F60D3F15C0656000A3B5F3 /* imgres.jpeg in Resources */ = {isa = PBXBuildFile; fileRef = 94F60D3E15C0656000A3B5F3 /* imgres.jpeg */; };
		94F60D4315C0664A00A3B5F3 /* crunches.jpg in Resources */ = {isa = PBXBuildFile; fileRef = 94F60D4215C0664A00A3B5F3 /* crunches.jpg */; };
		94F60D4515C066E200A3B5F3 /* planking exercise.gif in Resources */ = {isa = PBXBuildFile; fileRef = 94F60D4415C066E200A3B5F3 /* planking exercise.gif */; };
		94F60D4715C067D600A3B5F3 /* chin up-1.jpg in Resources */ = {isa = PBXBuildFile; fileRef = 94F60D4615C067D600A3B5F3 /* chin up-1.jpg */; };
		94F60DE815C074E700A3B5F3 /* imgres-1.jpeg in Resources */ = {isa = PBXBuildFile; fileRef = 94F60DE715C074E700A3B5F3 /* imgres-1.jpeg */; };
		94F60DED15C0753B00A3B5F3 /* hammer curls.jpg in Resources */ = {isa = PBXBuildFile; fileRef = 94F60DEC15C0753B00A3B5F3 /* hammer curls.jpg */; };
		94F60DFA15C0769100A3B5F3 /* imgres-2.jpeg in Resources */ = {isa = PBXBuildFile; fileRef = 94F60DF915C0769100A3B5F3 /* imgres-2.jpeg */; };
		94F60E0115C0776800A3B5F3 /* imgres-3.jpeg in Resources */ = {isa = PBXBuildFile; fileRef = 94F60E0015C0776800A3B5F3 /* imgres-3.jpeg */; };
		94F60E0915C077D200A3B5F3 /* imgres-4.jpeg in Resources */ = {isa = PBXBuildFile; fileRef = 94F60E0815C077D200A3B5F3 /* imgres-4.jpeg */; };
		94F60E0E15C0782700A3B5F3 /* imgres-5.jpeg in Resources */ = {isa = PBXBuildFile; fileRef = 94F60E0D15C0782700A3B5F3 /* imgres-5.jpeg */; };
		94F60E1315C0789300A3B5F3 /* imgres-6.jpeg in Resources */ = {isa = PBXBuildFile; fileRef = 94F60E1215C0789300A3B5F3 /* imgres-6.jpeg */; };
		94F60E1815C078E700A3B5F3 /* lunge.jpg in Resources */ = {isa = PBXBuildFile; fileRef = 94F60E1715C078E700A3B5F3 /* lunge.jpg */; };
		94F60E1D15C0797700A3B5F3 /* Jump Squat.jpeg in Resources */ = {isa = PBXBuildFile; fileRef = 94F60E1C15C0797700A3B5F3 /* Jump Squat.jpeg */; };
		94F60E2115C07A0C00A3B5F3 /* wallsit.gif in Resources */ = {isa = PBXBuildFile; fileRef = 94F60E2015C07A0C00A3B5F3 /* wallsit.gif */; };
		94F60E2315C07A4B00A3B5F3 /* push ups.jpg in Resources */ = {isa = PBXBuildFile; fileRef = 94F60E2215C07A4B00A3B5F3 /* push ups.jpg */; };
		94F60E2A15C07ABF00A3B5F3 /* diamond pushups.png in Resources */ = {isa = PBXBuildFile; fileRef = 94F60E2915C07ABF00A3B5F3 /* diamond pushups.png */; };
		94F60E3415C07CB300A3B5F3 /* imgres-7.jpeg in Resources */ = {isa = PBXBuildFile; fileRef = 94F60E3315C07CB300A3B5F3 /* imgres-7.jpeg */; };
		94F60E3C15C07D2100A3B5F3 /* dumbbell arm extension.gif in Resources */ = {isa = PBXBuildFile; fileRef = 94F60E3B15C07D2100A3B5F3 /* dumbbell arm extension.gif */; };
/* End PBXBuildFile section */

/* Begin PBXFileReference section */
		1D30AB110D05D00D00671497 /* Foundation.framework */ = {isa = PBXFileReference; lastKnownFileType = wrapper.framework; name = Foundation.framework; path = System/Library/Frameworks/Foundation.framework; sourceTree = SDKROOT; };
		1D3623240D0F684500981E51 /* ExerciseAppDelegate.h */ = {isa = PBXFileReference; fileEncoding = 4; lastKnownFileType = sourcecode.c.h; path = ExerciseAppDelegate.h; sourceTree = "<group>"; };
		1D3623250D0F684500981E51 /* ExerciseAppDelegate.m */ = {isa = PBXFileReference; fileEncoding = 4; lastKnownFileType = sourcecode.c.objc; path = ExerciseAppDelegate.m; sourceTree = "<group>"; };
		1D6058910D05DD3D006BFB54 /* Exercise.app */ = {isa = PBXFileReference; explicitFileType = wrapper.application; includeInIndex = 0; path = Exercise.app; sourceTree = BUILT_PRODUCTS_DIR; };
		1DF5F4DF0D08C38300B7A737 /* UIKit.framework */ = {isa = PBXFileReference; lastKnownFileType = wrapper.framework; name = UIKit.framework; path = System/Library/Frameworks/UIKit.framework; sourceTree = SDKROOT; };
		2892E40F0DC94CBA00A64D0F /* CoreGraphics.framework */ = {isa = PBXFileReference; lastKnownFileType = wrapper.framework; name = CoreGraphics.framework; path = System/Library/Frameworks/CoreGraphics.framework; sourceTree = SDKROOT; };
		28A0AAE50D9B0CCF005BE974 /* Exercise_Prefix.pch */ = {isa = PBXFileReference; fileEncoding = 4; lastKnownFileType = sourcecode.c.h; path = Exercise_Prefix.pch; sourceTree = "<group>"; };
		28AD735F0D9D9599002E5188 /* MainWindow.xib */ = {isa = PBXFileReference; lastKnownFileType = file.xib; path = MainWindow.xib; sourceTree = "<group>"; };
		28C286DF0D94DF7D0034E888 /* RootViewController.h */ = {isa = PBXFileReference; fileEncoding = 4; lastKnownFileType = sourcecode.c.h; path = RootViewController.h; sourceTree = "<group>"; };
		28C286E00D94DF7D0034E888 /* RootViewController.m */ = {isa = PBXFileReference; fileEncoding = 4; lastKnownFileType = sourcecode.c.objc; path = RootViewController.m; sourceTree = "<group>"; };
		28F335F01007B36200424DE2 /* RootViewController.xib */ = {isa = PBXFileReference; lastKnownFileType = file.xib; path = RootViewController.xib; sourceTree = "<group>"; };
		29B97316FDCFA39411CA2CEA /* main.m */ = {isa = PBXFileReference; fileEncoding = 4; lastKnownFileType = sourcecode.c.objc; path = main.m; sourceTree = "<group>"; };
		6F3F89E615BDEAA8003EEED1 /* ViewController.h */ = {isa = PBXFileReference; fileEncoding = 4; lastKnownFileType = sourcecode.c.h; path = ViewController.h; sourceTree = "<group>"; };
		6F3F89E715BDEAA8003EEED1 /* ViewController.m */ = {isa = PBXFileReference; fileEncoding = 4; lastKnownFileType = sourcecode.c.objc; path = ViewController.m; sourceTree = "<group>"; };
		6F3F89E815BDEAA8003EEED1 /* ViewController.xib */ = {isa = PBXFileReference; fileEncoding = 4; lastKnownFileType = file.xib; name = ViewController.xib; path = Classes/ViewController.xib; sourceTree = "<group>"; };
		6F3F89F415BF1899003EEED1 /* TodoCell.h */ = {isa = PBXFileReference; fileEncoding = 4; lastKnownFileType = sourcecode.c.h; path = TodoCell.h; sourceTree = "<group>"; };
		6F3F89F515BF1899003EEED1 /* TodoCell.m */ = {isa = PBXFileReference; fileEncoding = 4; lastKnownFileType = sourcecode.c.objc; path = TodoCell.m; sourceTree = "<group>"; };
		6F3F89F715BF1E22003EEED1 /* Todo.h */ = {isa = PBXFileReference; fileEncoding = 4; lastKnownFileType = sourcecode.c.h; path = Todo.h; sourceTree = "<group>"; };
		6F3F89F815BF1E22003EEED1 /* Todo.m */ = {isa = PBXFileReference; fileEncoding = 4; lastKnownFileType = sourcecode.c.objc; path = Todo.m; sourceTree = "<group>"; };
		6F3F89FA15BF2479003EEED1 /* WQViewController.h */ = {isa = PBXFileReference; fileEncoding = 4; lastKnownFileType = sourcecode.c.h; path = WQViewController.h; sourceTree = "<group>"; };
		6F3F89FB15BF2479003EEED1 /* WQViewController.m */ = {isa = PBXFileReference; fileEncoding = 4; lastKnownFileType = sourcecode.c.objc; path = WQViewController.m; sourceTree = "<group>"; };
		6F3F89FC15BF2479003EEED1 /* WQViewController.xib */ = {isa = PBXFileReference; fileEncoding = 4; lastKnownFileType = file.xib; path = WQViewController.xib; sourceTree = "<group>"; };
		6F3F8A0315BF2623003EEED1 /* TodoViewController.h */ = {isa = PBXFileReference; fileEncoding = 4; lastKnownFileType = sourcecode.c.h; path = TodoViewController.h; sourceTree = "<group>"; };
		6F3F8A0415BF2623003EEED1 /* TodoViewController.m */ = {isa = PBXFileReference; fileEncoding = 4; lastKnownFileType = sourcecode.c.objc; path = TodoViewController.m; sourceTree = "<group>"; };
		6F3F8A0515BF2624003EEED1 /* TodoViewController.xib */ = {isa = PBXFileReference; fileEncoding = 4; lastKnownFileType = file.xib; path = TodoViewController.xib; sourceTree = "<group>"; };
		8D1107310486CEB800E47090 /* Exercise-Info.plist */ = {isa = PBXFileReference; fileEncoding = 4; lastKnownFileType = text.plist.xml; path = "Exercise-Info.plist"; plistStructureDefinitionIdentifier = "com.apple.xcode.plist.structure-definition.iphone.info-plist"; sourceTree = "<group>"; };
		946F6D0815B62EA000BAAC83 /* Exercise.h */ = {isa = PBXFileReference; fileEncoding = 4; lastKnownFileType = sourcecode.c.h; name = Exercise.h; path = ../Exercise.h; sourceTree = "<group>"; };
		946F6D0915B62EA000BAAC83 /* Exercise.m */ = {isa = PBXFileReference; fileEncoding = 4; lastKnownFileType = sourcecode.c.objc; name = Exercise.m; path = ../Exercise.m; sourceTree = "<group>"; };
		94D00C7515B7454600084BA7 /* ExerciseViewController.xib */ = {isa = PBXFileReference; lastKnownFileType = file.xib; path = ExerciseViewController.xib; sourceTree = "<group>"; };
		94D00C7B15B7459400084BA7 /* ExerciseViewControllerX.h */ = {isa = PBXFileReference; fileEncoding = 4; lastKnownFileType = sourcecode.c.h; name = ExerciseViewControllerX.h; path = ../ExerciseViewControllerX.h; sourceTree = "<group>"; };
		94D00C7C15B7459400084BA7 /* ExerciseViewControllerX.m */ = {isa = PBXFileReference; fileEncoding = 4; lastKnownFileType = sourcecode.c.objc; name = ExerciseViewControllerX.m; path = ../ExerciseViewControllerX.m; sourceTree = "<group>"; };
		94D00C7D15B7459400084BA7 /* ExerciseViewControllerX.xib */ = {isa = PBXFileReference; lastKnownFileType = file.xib; path = ExerciseViewControllerX.xib; sourceTree = "<group>"; };
		94F60D3E15C0656000A3B5F3 /* imgres.jpeg */ = {isa = PBXFileReference; lastKnownFileType = image.jpeg; path = imgres.jpeg; sourceTree = "<group>"; };
		94F60D4215C0664A00A3B5F3 /* crunches.jpg */ = {isa = PBXFileReference; lastKnownFileType = image.jpeg; path = crunches.jpg; sourceTree = "<group>"; };
		94F60D4415C066E200A3B5F3 /* planking exercise.gif */ = {isa = PBXFileReference; lastKnownFileType = image.gif; path = "planking exercise.gif"; sourceTree = "<group>"; };
		94F60D4615C067D600A3B5F3 /* chin up-1.jpg */ = {isa = PBXFileReference; lastKnownFileType = image.jpeg; path = "chin up-1.jpg"; sourceTree = "<group>"; };
		94F60DE715C074E700A3B5F3 /* imgres-1.jpeg */ = {isa = PBXFileReference; lastKnownFileType = image.jpeg; path = "imgres-1.jpeg"; sourceTree = "<group>"; };
		94F60DEC15C0753B00A3B5F3 /* hammer curls.jpg */ = {isa = PBXFileReference; lastKnownFileType = image.jpeg; path = "hammer curls.jpg"; sourceTree = "<group>"; };
		94F60DF915C0769100A3B5F3 /* imgres-2.jpeg */ = {isa = PBXFileReference; lastKnownFileType = image.jpeg; path = "imgres-2.jpeg"; sourceTree = "<group>"; };
		94F60E0015C0776800A3B5F3 /* imgres-3.jpeg */ = {isa = PBXFileReference; lastKnownFileType = image.jpeg; path = "imgres-3.jpeg"; sourceTree = "<group>"; };
		94F60E0815C077D200A3B5F3 /* imgres-4.jpeg */ = {isa = PBXFileReference; lastKnownFileType = image.jpeg; path = "imgres-4.jpeg"; sourceTree = "<group>"; };
		94F60E0D15C0782700A3B5F3 /* imgres-5.jpeg */ = {isa = PBXFileReference; lastKnownFileType = image.jpeg; path = "imgres-5.jpeg"; sourceTree = "<group>"; };
		94F60E1215C0789300A3B5F3 /* imgres-6.jpeg */ = {isa = PBXFileReference; lastKnownFileType = image.jpeg; path = "imgres-6.jpeg"; sourceTree = "<group>"; };
		94F60E1715C078E700A3B5F3 /* lunge.jpg */ = {isa = PBXFileReference; lastKnownFileType = image.jpeg; path = lunge.jpg; sourceTree = "<group>"; };
		94F60E1C15C0797700A3B5F3 /* Jump Squat.jpeg */ = {isa = PBXFileReference; lastKnownFileType = image.jpeg; path = "Jump Squat.jpeg"; sourceTree = "<group>"; };
		94F60E2015C07A0C00A3B5F3 /* wallsit.gif */ = {isa = PBXFileReference; lastKnownFileType = image.gif; path = wallsit.gif; sourceTree = "<group>"; };
		94F60E2215C07A4B00A3B5F3 /* push ups.jpg */ = {isa = PBXFileReference; lastKnownFileType = image.jpeg; path = "push ups.jpg"; sourceTree = "<group>"; };
		94F60E2915C07ABF00A3B5F3 /* diamond pushups.png */ = {isa = PBXFileReference; lastKnownFileType = image.png; path = "diamond pushups.png"; sourceTree = "<group>"; };
		94F60E3315C07CB300A3B5F3 /* imgres-7.jpeg */ = {isa = PBXFileReference; lastKnownFileType = image.jpeg; path = "imgres-7.jpeg"; sourceTree = "<group>"; };
		94F60E3B15C07D2100A3B5F3 /* dumbbell arm extension.gif */ = {isa = PBXFileReference; lastKnownFileType = image.gif; path = "dumbbell arm extension.gif"; sourceTree = "<group>"; };
/* End PBXFileReference section */

/* Begin PBXFrameworksBuildPhase section */
		1D60588F0D05DD3D006BFB54 /* Frameworks */ = {
			isa = PBXFrameworksBuildPhase;
			buildActionMask = 2147483647;
			files = (
				1D60589F0D05DD5A006BFB54 /* Foundation.framework in Frameworks */,
				1DF5F4E00D08C38300B7A737 /* UIKit.framework in Frameworks */,
				2892E4100DC94CBA00A64D0F /* CoreGraphics.framework in Frameworks */,
			);
			runOnlyForDeploymentPostprocessing = 0;
		};
/* End PBXFrameworksBuildPhase section */

/* Begin PBXGroup section */
		080E96DDFE201D6D7F000001 /* Classes */ = {
			isa = PBXGroup;
			children = (
				6F3F89E615BDEAA8003EEED1 /* ViewController.h */,
				6F3F89E715BDEAA8003EEED1 /* ViewController.m */,
				28C286DF0D94DF7D0034E888 /* RootViewController.h */,
				6F3F89FA15BF2479003EEED1 /* WQViewController.h */,
				6F3F89FB15BF2479003EEED1 /* WQViewController.m */,
				6F3F8A0315BF2623003EEED1 /* TodoViewController.h */,
				6F3F8A0415BF2623003EEED1 /* TodoViewController.m */,
				6F3F8A0515BF2624003EEED1 /* TodoViewController.xib */,
				6F3F89FC15BF2479003EEED1 /* WQViewController.xib */,
				6F3F89F415BF1899003EEED1 /* TodoCell.h */,
				6F3F89F715BF1E22003EEED1 /* Todo.h */,
				6F3F89F815BF1E22003EEED1 /* Todo.m */,
				6F3F89F515BF1899003EEED1 /* TodoCell.m */,
				28C286E00D94DF7D0034E888 /* RootViewController.m */,
				1D3623240D0F684500981E51 /* ExerciseAppDelegate.h */,
				1D3623250D0F684500981E51 /* ExerciseAppDelegate.m */,
				94D00C7B15B7459400084BA7 /* ExerciseViewControllerX.h */,
				94D00C7C15B7459400084BA7 /* ExerciseViewControllerX.m */,
				946F6D0815B62EA000BAAC83 /* Exercise.h */,
				946F6D0915B62EA000BAAC83 /* Exercise.m */,
			);
			path = Classes;
			sourceTree = "<group>";
		};
		19C28FACFE9D520D11CA2CBB /* Products */ = {
			isa = PBXGroup;
			children = (
				1D6058910D05DD3D006BFB54 /* Exercise.app */,
			);
			name = Products;
			sourceTree = "<group>";
		};
		29B97314FDCFA39411CA2CEA /* CustomTemplate */ = {
			isa = PBXGroup;
			children = (
				080E96DDFE201D6D7F000001 /* Classes */,
				29B97315FDCFA39411CA2CEA /* Other Sources */,
				29B97317FDCFA39411CA2CEA /* Resources */,
				29B97323FDCFA39411CA2CEA /* Frameworks */,
				19C28FACFE9D520D11CA2CBB /* Products */,
			);
			name = CustomTemplate;
			sourceTree = "<group>";
		};
		29B97315FDCFA39411CA2CEA /* Other Sources */ = {
			isa = PBXGroup;
			children = (
				28A0AAE50D9B0CCF005BE974 /* Exercise_Prefix.pch */,
				29B97316FDCFA39411CA2CEA /* main.m */,
			);
			name = "Other Sources";
			sourceTree = "<group>";
		};
		29B97317FDCFA39411CA2CEA /* Resources */ = {
			isa = PBXGroup;
			children = (
				94F60E3B15C07D2100A3B5F3 /* dumbbell arm extension.gif */,
				94F60E3315C07CB300A3B5F3 /* imgres-7.jpeg */,
				94F60E2915C07ABF00A3B5F3 /* diamond pushups.png */,
				94F60E2215C07A4B00A3B5F3 /* push ups.jpg */,
				94F60E2015C07A0C00A3B5F3 /* wallsit.gif */,
				94F60E1C15C0797700A3B5F3 /* Jump Squat.jpeg */,
				94F60E1715C078E700A3B5F3 /* lunge.jpg */,
				94F60E1215C0789300A3B5F3 /* imgres-6.jpeg */,
				94F60E0D15C0782700A3B5F3 /* imgres-5.jpeg */,
				94F60E0815C077D200A3B5F3 /* imgres-4.jpeg */,
				94F60E0015C0776800A3B5F3 /* imgres-3.jpeg */,
				94F60DF915C0769100A3B5F3 /* imgres-2.jpeg */,
				94F60DEC15C0753B00A3B5F3 /* hammer curls.jpg */,
				94F60DE715C074E700A3B5F3 /* imgres-1.jpeg */,
				94F60D4615C067D600A3B5F3 /* chin up-1.jpg */,
				94F60D4415C066E200A3B5F3 /* planking exercise.gif */,
				94F60D4215C0664A00A3B5F3 /* crunches.jpg */,
				94F60D3E15C0656000A3B5F3 /* imgres.jpeg */,
				28F335F01007B36200424DE2 /* RootViewController.xib */,
				28AD735F0D9D9599002E5188 /* MainWindow.xib */,
				6F3F89E815BDEAA8003EEED1 /* ViewController.xib */,
				94D00C7D15B7459400084BA7 /* ExerciseViewControllerX.xib */,
				94D00C7515B7454600084BA7 /* ExerciseViewController.xib */,
				8D1107310486CEB800E47090 /* Exercise-Info.plist */,
			);
			name = Resources;
			sourceTree = "<group>";
		};
		29B97323FDCFA39411CA2CEA /* Frameworks */ = {
			isa = PBXGroup;
			children = (
				1DF5F4DF0D08C38300B7A737 /* UIKit.framework */,
				1D30AB110D05D00D00671497 /* Foundation.framework */,
				2892E40F0DC94CBA00A64D0F /* CoreGraphics.framework */,
			);
			name = Frameworks;
			sourceTree = "<group>";
		};
/* End PBXGroup section */

/* Begin PBXNativeTarget section */
		1D6058900D05DD3D006BFB54 /* Exercise */ = {
			isa = PBXNativeTarget;
			buildConfigurationList = 1D6058960D05DD3E006BFB54 /* Build configuration list for PBXNativeTarget "Exercise" */;
			buildPhases = (
				1D60588D0D05DD3D006BFB54 /* Resources */,
				1D60588E0D05DD3D006BFB54 /* Sources */,
				1D60588F0D05DD3D006BFB54 /* Frameworks */,
			);
			buildRules = (
			);
			dependencies = (
			);
			name = Exercise;
			productName = Exercise;
			productReference = 1D6058910D05DD3D006BFB54 /* Exercise.app */;
			productType = "com.apple.product-type.application";
		};
/* End PBXNativeTarget section */

/* Begin PBXProject section */
		29B97313FDCFA39411CA2CEA /* Project object */ = {
			isa = PBXProject;
			buildConfigurationList = C01FCF4E08A954540054247B /* Build configuration list for PBXProject "Exercise" */;
			compatibilityVersion = "Xcode 3.2";
			developmentRegion = English;
			hasScannedForEncodings = 1;
			knownRegions = (
				English,
				Japanese,
				French,
				German,
				en,
			);
			mainGroup = 29B97314FDCFA39411CA2CEA /* CustomTemplate */;
			projectDirPath = "";
			projectRoot = "";
			targets = (
				1D6058900D05DD3D006BFB54 /* Exercise */,
			);
		};
/* End PBXProject section */

/* Begin PBXResourcesBuildPhase section */
		1D60588D0D05DD3D006BFB54 /* Resources */ = {
			isa = PBXResourcesBuildPhase;
			buildActionMask = 2147483647;
			files = (
				28AD73600D9D9599002E5188 /* MainWindow.xib in Resources */,
				28F335F11007B36200424DE2 /* RootViewController.xib in Resources */,
				94D00C7615B7454600084BA7 /* ExerciseViewController.xib in Resources */,
				94D00C7F15B7459400084BA7 /* ExerciseViewControllerX.xib in Resources */,
				6F3F89EA15BDEAA8003EEED1 /* ViewController.xib in Resources */,
				6F3F89FE15BF247A003EEED1 /* WQViewController.xib in Resources */,
				6F3F8A0715BF2624003EEED1 /* TodoViewController.xib in Resources */,
				94F60D3F15C0656000A3B5F3 /* imgres.jpeg in Resources */,
				94F60D4315C0664A00A3B5F3 /* crunches.jpg in Resources */,
				94F60D4515C066E200A3B5F3 /* planking exercise.gif in Resources */,
				94F60D4715C067D600A3B5F3 /* chin up-1.jpg in Resources */,
				94F60DE815C074E700A3B5F3 /* imgres-1.jpeg in Resources */,
				94F60DED15C0753B00A3B5F3 /* hammer curls.jpg in Resources */,
				94F60DFA15C0769100A3B5F3 /* imgres-2.jpeg in Resources */,
				94F60E0115C0776800A3B5F3 /* imgres-3.jpeg in Resources */,
				94F60E0915C077D200A3B5F3 /* imgres-4.jpeg in Resources */,
				94F60E0E15C0782700A3B5F3 /* imgres-5.jpeg in Resources */,
				94F60E1315C0789300A3B5F3 /* imgres-6.jpeg in Resources */,
				94F60E1815C078E700A3B5F3 /* lunge.jpg in Resources */,
				94F60E1D15C0797700A3B5F3 /* Jump Squat.jpeg in Resources */,
				94F60E2115C07A0C00A3B5F3 /* wallsit.gif in Resources */,
				94F60E2315C07A4B00A3B5F3 /* push ups.jpg in Resources */,
				94F60E2A15C07ABF00A3B5F3 /* diamond pushups.png in Resources */,
				94F60E3415C07CB300A3B5F3 /* imgres-7.jpeg in Resources */,
				94F60E3C15C07D2100A3B5F3 /* dumbbell arm extension.gif in Resources */,
			);
			runOnlyForDeploymentPostprocessing = 0;
		};
/* End PBXResourcesBuildPhase section */

/* Begin PBXSourcesBuildPhase section */
		1D60588E0D05DD3D006BFB54 /* Sources */ = {
			isa = PBXSourcesBuildPhase;
			buildActionMask = 2147483647;
			files = (
				1D60589B0D05DD56006BFB54 /* main.m in Sources */,
				1D3623260D0F684500981E51 /* ExerciseAppDelegate.m in Sources */,
				28C286E10D94DF7D0034E888 /* RootViewController.m in Sources */,
				946F6D0A15B62EA000BAAC83 /* Exercise.m in Sources */,
				94D00C7E15B7459400084BA7 /* ExerciseViewControllerX.m in Sources */,
				6F3F89E915BDEAA8003EEED1 /* ViewController.m in Sources */,
				6F3F89F615BF1899003EEED1 /* TodoCell.m in Sources */,
				6F3F89F915BF1E22003EEED1 /* Todo.m in Sources */,
				6F3F89FD15BF247A003EEED1 /* WQViewController.m in Sources */,
				6F3F8A0615BF2624003EEED1 /* TodoViewController.m in Sources */,
			);
			runOnlyForDeploymentPostprocessing = 0;
		};
/* End PBXSourcesBuildPhase section */

/* Begin XCBuildConfiguration section */
		1D6058940D05DD3E006BFB54 /* Debug */ = {
			isa = XCBuildConfiguration;
			buildSettings = {
				ALWAYS_SEARCH_USER_PATHS = NO;
				COPY_PHASE_STRIP = NO;
				GCC_DYNAMIC_NO_PIC = NO;
				GCC_OPTIMIZATION_LEVEL = 0;
				GCC_PRECOMPILE_PREFIX_HEADER = YES;
				GCC_PREFIX_HEADER = Exercise_Prefix.pch;
				INFOPLIST_FILE = "Exercise-Info.plist";
				PRODUCT_NAME = Exercise;
			};
			name = Debug;
		};
		1D6058950D05DD3E006BFB54 /* Release */ = {
			isa = XCBuildConfiguration;
			buildSettings = {
				ALWAYS_SEARCH_USER_PATHS = NO;
				COPY_PHASE_STRIP = YES;
				GCC_PRECOMPILE_PREFIX_HEADER = YES;
				GCC_PREFIX_HEADER = Exercise_Prefix.pch;
				INFOPLIST_FILE = "Exercise-Info.plist";
				PRODUCT_NAME = Exercise;
				VALIDATE_PRODUCT = YES;
			};
			name = Release;
		};
		C01FCF4F08A954540054247B /* Debug */ = {
			isa = XCBuildConfiguration;
			buildSettings = {
				ARCHS = "$(ARCHS_STANDARD_32_BIT)";
				"CODE_SIGN_IDENTITY[sdk=iphoneos*]" = "iPhone Developer";
				GCC_C_LANGUAGE_STANDARD = c99;
				GCC_WARN_ABOUT_RETURN_TYPE = YES;
				GCC_WARN_UNUSED_VARIABLE = YES;
				PREBINDING = NO;
				SDKROOT = iphoneos;
			};
			name = Debug;
		};
		C01FCF5008A954540054247B /* Release */ = {
			isa = XCBuildConfiguration;
			buildSettings = {
				ARCHS = "$(ARCHS_STANDARD_32_BIT)";
				"CODE_SIGN_IDENTITY[sdk=iphoneos*]" = "iPhone Developer";
				GCC_C_LANGUAGE_STANDARD = c99;
				GCC_WARN_ABOUT_RETURN_TYPE = YES;
				GCC_WARN_UNUSED_VARIABLE = YES;
				OTHER_CFLAGS = "-DNS_BLOCK_ASSERTIONS=1";
				PREBINDING = NO;
				SDKROOT = iphoneos;
			};
			name = Release;
		};
/* End XCBuildConfiguration section */

/* Begin XCConfigurationList section */
		1D6058960D05DD3E006BFB54 /* Build configuration list for PBXNativeTarget "Exercise" */ = {
			isa = XCConfigurationList;
			buildConfigurations = (
				1D6058940D05DD3E006BFB54 /* Debug */,
				1D6058950D05DD3E006BFB54 /* Release */,
			);
			defaultConfigurationIsVisible = 0;
			defaultConfigurationName = Release;
		};
		C01FCF4E08A954540054247B /* Build configuration list for PBXProject "Exercise" */ = {
			isa = XCConfigurationList;
			buildConfigurations = (
				C01FCF4F08A954540054247B /* Debug */,
				C01FCF5008A954540054247B /* Release */,
			);
			defaultConfigurationIsVisible = 0;
			defaultConfigurationName = Release;
		};
/* End XCConfigurationList section */
	};
	rootObject = 29B97313FDCFA39411CA2CEA /* Project object */;
}
